
Microsoft Visual Studio Solution File, Format Version 12.00
# Visual Studio Version 16
VisualStudioVersion = 16.0.29102.190
MinimumVisualStudioVersion = 10.0.40219.1
Project("{FAE04EC0-301F-11D3-BF4B-00C04F79EFBC}") = "HW_Task_00", "HW_Task_00\HW_Task_00.csproj", "{76FDE604-7BB4-482D-B795-D9E9F73579E4}"
EndProject
Project("{FAE04EC0-301F-11D3-BF4B-00C04F79EFBC}") = "HW_Task_01", "HW_Task_01\HW_Task_01.csproj", "{F4D308C5-64E8-4197-A4F1-F2FDF67E6948}"
EndProject
Project("{FAE04EC0-301F-11D3-BF4B-00C04F79EFBC}") = "HW_Task_02", "HW_Task_02\HW_Task_02.csproj", "{778FDF03-00FF-4ADD-8535-0841D6BBFE0F}"
EndProject
Project("{FAE04EC0-301F-11D3-BF4B-00C04F79EFBC}") = "HW_Task_03", "HW_Task_03\HW_Task_03.csproj", "{8421D693-20A6-46E2-A399-4654DCC2DCAC}"
EndProject
Project("{FAE04EC0-301F-11D3-BF4B-00C04F79EFBC}") = "HW_Task_04", "HW_Task_04\HW_Task_04.csproj", "{D575C42E-BB65-4770-B1E3-9EAB5BDA854F}"
EndProject
Project("{FAE04EC0-301F-11D3-BF4B-00C04F79EFBC}") = "HW_Task_05", "HW_Task_05\HW_Task_05.csproj", "{4FF0E689-1E94-42FC-958E-01CA0F9E887D}"
EndProject
Project("{FAE04EC0-301F-11D3-BF4B-00C04F79EFBC}") = "HW_Task_06", "HW_Task_06\HW_Task_06.csproj", "{B8569E53-64D8-4B6C-9FCA-F505A083C136}"
EndProject
Project("{2150E333-8FDC-42A3-9474-1A3956D46DE8}") = "Task_6", "Task_6", "{E4DF4093-B560-4924-8842-CC3C496B50E1}"
EndProject
Project("{FAE04EC0-301F-11D3-BF4B-00C04F79EFBC}") = "Task_6.DAL", "Task_6.DAL\Task_6.DAL.csproj", "{763A7E7A-F0B9-4997-B993-C86E84DAA141}"
EndProject
Project("{FAE04EC0-301F-11D3-BF4B-00C04F79EFBC}") = "Task_6.BLL", "Task_6.BLL\Task_6.BLL.csproj", "{B26F63EF-0B84-4259-A2D4-892E778399ED}"
EndProject
Project("{FAE04EC0-301F-11D3-BF4B-00C04F79EFBC}") = "Task_6.PL", "Task_6.PL\Task_6.PL.csproj", "{D7D1388D-D23B-4937-941B-CD4C182A5758}"
EndProject
Project("{FAE04EC0-301F-11D3-BF4B-00C04F79EFBC}") = "Task_6.Interfaces", "Task_6.Interfaces\Task_6.Interfaces.csproj", "{07AEADF5-1C02-41EA-ADC8-D8AE3A1B4DA6}"
EndProject
Project("{FAE04EC0-301F-11D3-BF4B-00C04F79EFBC}") = "HW_Task_07", "HW_Task_7\HW_Task_07.csproj", "{B9CF0113-0BFF-4663-8269-43131439CE4F}"
EndProject
Project("{FAE04EC0-301F-11D3-BF4B-00C04F79EFBC}") = "HW_Task_08", "HW_Task_08\HW_Task_08.csproj", "{4FAC4F84-921C-423C-9943-125CB8F76162}"
EndProject
Project("{FAE04EC0-301F-11D3-BF4B-00C04F79EFBC}") = "HW_Task_09", "HW_Task_09\HW_Task_09.csproj", "{649DF91F-25EF-43EF-B026-235CC3940D2B}"
EndProject
Global
	GlobalSection(SolutionConfigurationPlatforms) = preSolution
		Debug|Any CPU = Debug|Any CPU
		Release|Any CPU = Release|Any CPU
	EndGlobalSection
	GlobalSection(ProjectConfigurationPlatforms) = postSolution
		{76FDE604-7BB4-482D-B795-D9E9F73579E4}.Debug|Any CPU.ActiveCfg = Debug|Any CPU
		{76FDE604-7BB4-482D-B795-D9E9F73579E4}.Debug|Any CPU.Build.0 = Debug|Any CPU
		{76FDE604-7BB4-482D-B795-D9E9F73579E4}.Release|Any CPU.ActiveCfg = Release|Any CPU
		{76FDE604-7BB4-482D-B795-D9E9F73579E4}.Release|Any CPU.Build.0 = Release|Any CPU
		{F4D308C5-64E8-4197-A4F1-F2FDF67E6948}.Debug|Any CPU.ActiveCfg = Debug|Any CPU
		{F4D308C5-64E8-4197-A4F1-F2FDF67E6948}.Debug|Any CPU.Build.0 = Debug|Any CPU
		{F4D308C5-64E8-4197-A4F1-F2FDF67E6948}.Release|Any CPU.ActiveCfg = Release|Any CPU
		{F4D308C5-64E8-4197-A4F1-F2FDF67E6948}.Release|Any CPU.Build.0 = Release|Any CPU
		{778FDF03-00FF-4ADD-8535-0841D6BBFE0F}.Debug|Any CPU.ActiveCfg = Debug|Any CPU
		{778FDF03-00FF-4ADD-8535-0841D6BBFE0F}.Debug|Any CPU.Build.0 = Debug|Any CPU
		{778FDF03-00FF-4ADD-8535-0841D6BBFE0F}.Release|Any CPU.ActiveCfg = Release|Any CPU
		{778FDF03-00FF-4ADD-8535-0841D6BBFE0F}.Release|Any CPU.Build.0 = Release|Any CPU
		{8421D693-20A6-46E2-A399-4654DCC2DCAC}.Debug|Any CPU.ActiveCfg = Debug|Any CPU
		{8421D693-20A6-46E2-A399-4654DCC2DCAC}.Debug|Any CPU.Build.0 = Debug|Any CPU
		{8421D693-20A6-46E2-A399-4654DCC2DCAC}.Release|Any CPU.ActiveCfg = Release|Any CPU
		{8421D693-20A6-46E2-A399-4654DCC2DCAC}.Release|Any CPU.Build.0 = Release|Any CPU
		{D575C42E-BB65-4770-B1E3-9EAB5BDA854F}.Debug|Any CPU.ActiveCfg = Debug|Any CPU
		{D575C42E-BB65-4770-B1E3-9EAB5BDA854F}.Debug|Any CPU.Build.0 = Debug|Any CPU
		{D575C42E-BB65-4770-B1E3-9EAB5BDA854F}.Release|Any CPU.ActiveCfg = Release|Any CPU
		{D575C42E-BB65-4770-B1E3-9EAB5BDA854F}.Release|Any CPU.Build.0 = Release|Any CPU
		{4FF0E689-1E94-42FC-958E-01CA0F9E887D}.Debug|Any CPU.ActiveCfg = Debug|Any CPU
		{4FF0E689-1E94-42FC-958E-01CA0F9E887D}.Debug|Any CPU.Build.0 = Debug|Any CPU
		{4FF0E689-1E94-42FC-958E-01CA0F9E887D}.Release|Any CPU.ActiveCfg = Release|Any CPU
		{4FF0E689-1E94-42FC-958E-01CA0F9E887D}.Release|Any CPU.Build.0 = Release|Any CPU
		{B8569E53-64D8-4B6C-9FCA-F505A083C136}.Debug|Any CPU.ActiveCfg = Debug|Any CPU
		{B8569E53-64D8-4B6C-9FCA-F505A083C136}.Debug|Any CPU.Build.0 = Debug|Any CPU
		{B8569E53-64D8-4B6C-9FCA-F505A083C136}.Release|Any CPU.ActiveCfg = Release|Any CPU
		{B8569E53-64D8-4B6C-9FCA-F505A083C136}.Release|Any CPU.Build.0 = Release|Any CPU
		{763A7E7A-F0B9-4997-B993-C86E84DAA141}.Debug|Any CPU.ActiveCfg = Debug|Any CPU
		{763A7E7A-F0B9-4997-B993-C86E84DAA141}.Debug|Any CPU.Build.0 = Debug|Any CPU
		{763A7E7A-F0B9-4997-B993-C86E84DAA141}.Release|Any CPU.ActiveCfg = Release|Any CPU
		{763A7E7A-F0B9-4997-B993-C86E84DAA141}.Release|Any CPU.Build.0 = Release|Any CPU
		{B26F63EF-0B84-4259-A2D4-892E778399ED}.Debug|Any CPU.ActiveCfg = Debug|Any CPU
		{B26F63EF-0B84-4259-A2D4-892E778399ED}.Debug|Any CPU.Build.0 = Debug|Any CPU
		{B26F63EF-0B84-4259-A2D4-892E778399ED}.Release|Any CPU.ActiveCfg = Release|Any CPU
		{B26F63EF-0B84-4259-A2D4-892E778399ED}.Release|Any CPU.Build.0 = Release|Any CPU
		{D7D1388D-D23B-4937-941B-CD4C182A5758}.Debug|Any CPU.ActiveCfg = Debug|Any CPU
		{D7D1388D-D23B-4937-941B-CD4C182A5758}.Debug|Any CPU.Build.0 = Debug|Any CPU
		{D7D1388D-D23B-4937-941B-CD4C182A5758}.Release|Any CPU.ActiveCfg = Release|Any CPU
		{D7D1388D-D23B-4937-941B-CD4C182A5758}.Release|Any CPU.Build.0 = Release|Any CPU
		{07AEADF5-1C02-41EA-ADC8-D8AE3A1B4DA6}.Debug|Any CPU.ActiveCfg = Debug|Any CPU
		{07AEADF5-1C02-41EA-ADC8-D8AE3A1B4DA6}.Debug|Any CPU.Build.0 = Debug|Any CPU
		{07AEADF5-1C02-41EA-ADC8-D8AE3A1B4DA6}.Release|Any CPU.ActiveCfg = Release|Any CPU
		{07AEADF5-1C02-41EA-ADC8-D8AE3A1B4DA6}.Release|Any CPU.Build.0 = Release|Any CPU
		{B9CF0113-0BFF-4663-8269-43131439CE4F}.Debug|Any CPU.ActiveCfg = Debug|Any CPU
		{B9CF0113-0BFF-4663-8269-43131439CE4F}.Debug|Any CPU.Build.0 = Debug|Any CPU
		{B9CF0113-0BFF-4663-8269-43131439CE4F}.Release|Any CPU.ActiveCfg = Release|Any CPU
		{B9CF0113-0BFF-4663-8269-43131439CE4F}.Release|Any CPU.Build.0 = Release|Any CPU
		{4FAC4F84-921C-423C-9943-125CB8F76162}.Debug|Any CPU.ActiveCfg = Debug|Any CPU
		{4FAC4F84-921C-423C-9943-125CB8F76162}.Debug|Any CPU.Build.0 = Debug|Any CPU
		{4FAC4F84-921C-423C-9943-125CB8F76162}.Release|Any CPU.ActiveCfg = Release|Any CPU
		{4FAC4F84-921C-423C-9943-125CB8F76162}.Release|Any CPU.Build.0 = Release|Any CPU
		{649DF91F-25EF-43EF-B026-235CC3940D2B}.Debug|Any CPU.ActiveCfg = Debug|Any CPU
		{649DF91F-25EF-43EF-B026-235CC3940D2B}.Debug|Any CPU.Build.0 = Debug|Any CPU
		{649DF91F-25EF-43EF-B026-235CC3940D2B}.Release|Any CPU.ActiveCfg = Release|Any CPU
		{649DF91F-25EF-43EF-B026-235CC3940D2B}.Release|Any CPU.Build.0 = Release|Any CPU
	EndGlobalSection
	GlobalSection(SolutionProperties) = preSolution
		HideSolutionNode = FALSE
	EndGlobalSection
	GlobalSection(NestedProjects) = preSolution
		{763A7E7A-F0B9-4997-B993-C86E84DAA141} = {E4DF4093-B560-4924-8842-CC3C496B50E1}
		{B26F63EF-0B84-4259-A2D4-892E778399ED} = {E4DF4093-B560-4924-8842-CC3C496B50E1}
		{D7D1388D-D23B-4937-941B-CD4C182A5758} = {E4DF4093-B560-4924-8842-CC3C496B50E1}
		{07AEADF5-1C02-41EA-ADC8-D8AE3A1B4DA6} = {E4DF4093-B560-4924-8842-CC3C496B50E1}
	EndGlobalSection
	GlobalSection(ExtensibilityGlobals) = postSolution
		SolutionGuid = {D6CFF395-F957-4219-9D72-745DF4052623}
	EndGlobalSection
EndGlobal
