
Microsoft Visual Studio Solution File, Format Version 12.00
# Visual Studio Version 16
VisualStudioVersion = 16.0.29102.190
MinimumVisualStudioVersion = 10.0.40219.1
Project("{FAE04EC0-301F-11D3-BF4B-00C04F79EFBC}") = "HW_Task_00", "HW_Task_00\HW_Task_00.csproj", "{76FDE604-7BB4-482D-B795-D9E9F73579E4}"
EndProject
Project("{FAE04EC0-301F-11D3-BF4B-00C04F79EFBC}") = "HW_Task_01", "HW_Task_01\HW_Task_01.csproj", "{F4D308C5-64E8-4197-A4F1-F2FDF67E6948}"
EndProject
Global
	GlobalSection(SolutionConfigurationPlatforms) = preSolution
		Debug|Any CPU = Debug|Any CPU
		Release|Any CPU = Release|Any CPU
	EndGlobalSection
	GlobalSection(ProjectConfigurationPlatforms) = postSolution
		{76FDE604-7BB4-482D-B795-D9E9F73579E4}.Debug|Any CPU.ActiveCfg = Debug|Any CPU
		{76FDE604-7BB4-482D-B795-D9E9F73579E4}.Debug|Any CPU.Build.0 = Debug|Any CPU
		{76FDE604-7BB4-482D-B795-D9E9F73579E4}.Release|Any CPU.ActiveCfg = Release|Any CPU
		{76FDE604-7BB4-482D-B795-D9E9F73579E4}.Release|Any CPU.Build.0 = Release|Any CPU
		{F4D308C5-64E8-4197-A4F1-F2FDF67E6948}.Debug|Any CPU.ActiveCfg = Debug|Any CPU
		{F4D308C5-64E8-4197-A4F1-F2FDF67E6948}.Debug|Any CPU.Build.0 = Debug|Any CPU
		{F4D308C5-64E8-4197-A4F1-F2FDF67E6948}.Release|Any CPU.ActiveCfg = Release|Any CPU
		{F4D308C5-64E8-4197-A4F1-F2FDF67E6948}.Release|Any CPU.Build.0 = Release|Any CPU
	EndGlobalSection
	GlobalSection(SolutionProperties) = preSolution
		HideSolutionNode = FALSE
	EndGlobalSection
	GlobalSection(ExtensibilityGlobals) = postSolution
		SolutionGuid = {D6CFF395-F957-4219-9D72-745DF4052623}
	EndGlobalSection
EndGlobal
